
Microsoft Visual Studio Solution File, Format Version 12.00
# Visual Studio 15
VisualStudioVersion = 15.0.26124.0
MinimumVisualStudioVersion = 15.0.26124.0
Project("{FAE04EC0-301F-11D3-BF4B-00C04F79EFBC}") = "x3factr.Platform.Droid.Wowza", "Droid\x3factr.Platform.Droid.Wowza.csproj", "{B6C9B02D-BB06-4BA5-A479-B7DC406F69DC}"
EndProject
Project("{2150E333-8FDC-42A3-9474-1A3956D46DE8}") = "Solution Items", "Solution Items", "{9C92DDC6-A47E-4643-9DB4-40899584D6A9}"
	ProjectSection(SolutionItems) = preProject
		package.nuspec = package.nuspec
	EndProjectSection
EndProject
Project("{FAE04EC0-301F-11D3-BF4B-00C04F79EFBC}") = "Sample", "Sample\Sample.csproj", "{D94AD8DF-1303-4AED-BC61-88F664039E6A}"
EndProject
Global
	GlobalSection(SolutionConfigurationPlatforms) = preSolution
		Debug|Any CPU = Debug|Any CPU
		Debug|x64 = Debug|x64
		Debug|x86 = Debug|x86
		Release|Any CPU = Release|Any CPU
		Release|x64 = Release|x64
		Release|x86 = Release|x86
	EndGlobalSection
	GlobalSection(SolutionProperties) = preSolution
		HideSolutionNode = FALSE
	EndGlobalSection
	GlobalSection(ProjectConfigurationPlatforms) = postSolution
		{B6C9B02D-BB06-4BA5-A479-B7DC406F69DC}.Debug|Any CPU.ActiveCfg = Debug|Any CPU
		{B6C9B02D-BB06-4BA5-A479-B7DC406F69DC}.Debug|Any CPU.Build.0 = Debug|Any CPU
		{B6C9B02D-BB06-4BA5-A479-B7DC406F69DC}.Debug|x64.ActiveCfg = Debug|Any CPU
		{B6C9B02D-BB06-4BA5-A479-B7DC406F69DC}.Debug|x64.Build.0 = Debug|Any CPU
		{B6C9B02D-BB06-4BA5-A479-B7DC406F69DC}.Debug|x86.ActiveCfg = Debug|Any CPU
		{B6C9B02D-BB06-4BA5-A479-B7DC406F69DC}.Debug|x86.Build.0 = Debug|Any CPU
		{B6C9B02D-BB06-4BA5-A479-B7DC406F69DC}.Release|Any CPU.ActiveCfg = Release|Any CPU
		{B6C9B02D-BB06-4BA5-A479-B7DC406F69DC}.Release|Any CPU.Build.0 = Release|Any CPU
		{B6C9B02D-BB06-4BA5-A479-B7DC406F69DC}.Release|x64.ActiveCfg = Release|Any CPU
		{B6C9B02D-BB06-4BA5-A479-B7DC406F69DC}.Release|x64.Build.0 = Release|Any CPU
		{B6C9B02D-BB06-4BA5-A479-B7DC406F69DC}.Release|x86.ActiveCfg = Release|Any CPU
		{B6C9B02D-BB06-4BA5-A479-B7DC406F69DC}.Release|x86.Build.0 = Release|Any CPU
		{D94AD8DF-1303-4AED-BC61-88F664039E6A}.Debug|Any CPU.ActiveCfg = Debug|Any CPU
		{D94AD8DF-1303-4AED-BC61-88F664039E6A}.Debug|Any CPU.Build.0 = Debug|Any CPU
		{D94AD8DF-1303-4AED-BC61-88F664039E6A}.Debug|x64.ActiveCfg = Debug|Any CPU
		{D94AD8DF-1303-4AED-BC61-88F664039E6A}.Debug|x64.Build.0 = Debug|Any CPU
		{D94AD8DF-1303-4AED-BC61-88F664039E6A}.Debug|x86.ActiveCfg = Debug|Any CPU
		{D94AD8DF-1303-4AED-BC61-88F664039E6A}.Debug|x86.Build.0 = Debug|Any CPU
		{D94AD8DF-1303-4AED-BC61-88F664039E6A}.Release|Any CPU.ActiveCfg = Release|Any CPU
		{D94AD8DF-1303-4AED-BC61-88F664039E6A}.Release|Any CPU.Build.0 = Release|Any CPU
		{D94AD8DF-1303-4AED-BC61-88F664039E6A}.Release|x64.ActiveCfg = Release|Any CPU
		{D94AD8DF-1303-4AED-BC61-88F664039E6A}.Release|x64.Build.0 = Release|Any CPU
		{D94AD8DF-1303-4AED-BC61-88F664039E6A}.Release|x86.ActiveCfg = Release|Any CPU
		{D94AD8DF-1303-4AED-BC61-88F664039E6A}.Release|x86.Build.0 = Release|Any CPU
	EndGlobalSection
EndGlobal
